
Microsoft Visual Studio Solution File, Format Version 12.00
# Visual Studio Version 17
VisualStudioVersion = 17.0.33130.402
MinimumVisualStudioVersion = 10.0.40219.1
Project("{2150E333-8FDC-42A3-9474-1A3956D46DE8}") = "device", "device", "{BD2258EF-0E47-4DAA-94DF-D08CA1B09A93}"
EndProject
Project("{9A19103F-16F7-4668-BE54-9A1E7A4F7556}") = "SensorData", "device\SensorData\SensorData.csproj", "{D8CD7E8D-7ECA-46A7-AA39-E471F99C94F0}"
EndProject
Project("{9A19103F-16F7-4668-BE54-9A1E7A4F7556}") = "DeviceToBackoffice", "device\DeviceToBackoffice\DeviceToBackoffice.csproj", "{4F2A52A9-9DAE-4250-A881-F0A013A589F4}"
EndProject
Project("{8BC9CEB8-8B4A-11D0-8D11-00A0C91BC942}") = "deviceapp", "device\deviceapp\deviceapp.vcxproj", "{2B3D1059-93F6-42F8-9709-AE06BEDE1EEF}"
EndProject
Project("{2150E333-8FDC-42A3-9474-1A3956D46DE8}") = "modules", "modules", "{AC26C5B9-CA58-434C-B607-DC94BFE2A665}"
EndProject
Project("{2150E333-8FDC-42A3-9474-1A3956D46DE8}") = "app", "app", "{60F1722D-12B9-4671-B9E3-EDE5C41F1086}"
EndProject
Project("{9A19103F-16F7-4668-BE54-9A1E7A4F7556}") = "CardReader", "device\CardReader\CardReader.csproj", "{66A69341-3B00-4812-AA77-EC5C2E9EA23A}"
EndProject
Project("{2150E333-8FDC-42A3-9474-1A3956D46DE8}") = "common", "common", "{34513197-4269-4943-9F6D-CE4D89CB4DD2}"
EndProject
Project("{9A19103F-16F7-4668-BE54-9A1E7A4F7556}") = "Utils", "common\Utils.csproj", "{DEF7470A-3D27-4D71-9E48-A96C9129FA42}"
EndProject
Global
	GlobalSection(SolutionConfigurationPlatforms) = preSolution
		Debug|Any CPU = Debug|Any CPU
		Debug|x64 = Debug|x64
		Release|Any CPU = Release|Any CPU
		Release|x64 = Release|x64
	EndGlobalSection
	GlobalSection(ProjectConfigurationPlatforms) = postSolution
		{D8CD7E8D-7ECA-46A7-AA39-E471F99C94F0}.Debug|Any CPU.ActiveCfg = Debug|Any CPU
		{D8CD7E8D-7ECA-46A7-AA39-E471F99C94F0}.Debug|Any CPU.Build.0 = Debug|Any CPU
		{D8CD7E8D-7ECA-46A7-AA39-E471F99C94F0}.Debug|x64.ActiveCfg = Debug|Any CPU
		{D8CD7E8D-7ECA-46A7-AA39-E471F99C94F0}.Debug|x64.Build.0 = Debug|Any CPU
		{D8CD7E8D-7ECA-46A7-AA39-E471F99C94F0}.Release|Any CPU.ActiveCfg = Release|Any CPU
		{D8CD7E8D-7ECA-46A7-AA39-E471F99C94F0}.Release|Any CPU.Build.0 = Release|Any CPU
		{D8CD7E8D-7ECA-46A7-AA39-E471F99C94F0}.Release|x64.ActiveCfg = Release|Any CPU
		{D8CD7E8D-7ECA-46A7-AA39-E471F99C94F0}.Release|x64.Build.0 = Release|Any CPU
		{4F2A52A9-9DAE-4250-A881-F0A013A589F4}.Debug|Any CPU.ActiveCfg = Debug|Any CPU
		{4F2A52A9-9DAE-4250-A881-F0A013A589F4}.Debug|Any CPU.Build.0 = Debug|Any CPU
		{4F2A52A9-9DAE-4250-A881-F0A013A589F4}.Debug|x64.ActiveCfg = Debug|Any CPU
		{4F2A52A9-9DAE-4250-A881-F0A013A589F4}.Debug|x64.Build.0 = Debug|Any CPU
		{4F2A52A9-9DAE-4250-A881-F0A013A589F4}.Release|Any CPU.ActiveCfg = Release|Any CPU
		{4F2A52A9-9DAE-4250-A881-F0A013A589F4}.Release|Any CPU.Build.0 = Release|Any CPU
		{4F2A52A9-9DAE-4250-A881-F0A013A589F4}.Release|x64.ActiveCfg = Release|Any CPU
		{4F2A52A9-9DAE-4250-A881-F0A013A589F4}.Release|x64.Build.0 = Release|Any CPU
		{2B3D1059-93F6-42F8-9709-AE06BEDE1EEF}.Debug|Any CPU.ActiveCfg = Debug|x64
		{2B3D1059-93F6-42F8-9709-AE06BEDE1EEF}.Debug|Any CPU.Build.0 = Debug|x64
		{2B3D1059-93F6-42F8-9709-AE06BEDE1EEF}.Debug|x64.ActiveCfg = Debug|x64
		{2B3D1059-93F6-42F8-9709-AE06BEDE1EEF}.Debug|x64.Build.0 = Debug|x64
		{2B3D1059-93F6-42F8-9709-AE06BEDE1EEF}.Release|Any CPU.ActiveCfg = Release|x64
		{2B3D1059-93F6-42F8-9709-AE06BEDE1EEF}.Release|Any CPU.Build.0 = Release|x64
		{2B3D1059-93F6-42F8-9709-AE06BEDE1EEF}.Release|x64.ActiveCfg = Release|x64
		{2B3D1059-93F6-42F8-9709-AE06BEDE1EEF}.Release|x64.Build.0 = Release|x64
		{66A69341-3B00-4812-AA77-EC5C2E9EA23A}.Debug|Any CPU.ActiveCfg = Debug|Any CPU
		{66A69341-3B00-4812-AA77-EC5C2E9EA23A}.Debug|Any CPU.Build.0 = Debug|Any CPU
		{66A69341-3B00-4812-AA77-EC5C2E9EA23A}.Debug|x64.ActiveCfg = Debug|Any CPU
		{66A69341-3B00-4812-AA77-EC5C2E9EA23A}.Debug|x64.Build.0 = Debug|Any CPU
		{66A69341-3B00-4812-AA77-EC5C2E9EA23A}.Release|Any CPU.ActiveCfg = Release|Any CPU
		{66A69341-3B00-4812-AA77-EC5C2E9EA23A}.Release|Any CPU.Build.0 = Release|Any CPU
		{66A69341-3B00-4812-AA77-EC5C2E9EA23A}.Release|x64.ActiveCfg = Release|Any CPU
		{66A69341-3B00-4812-AA77-EC5C2E9EA23A}.Release|x64.Build.0 = Release|Any CPU
		{DEF7470A-3D27-4D71-9E48-A96C9129FA42}.Debug|Any CPU.ActiveCfg = Debug|Any CPU
		{DEF7470A-3D27-4D71-9E48-A96C9129FA42}.Debug|Any CPU.Build.0 = Debug|Any CPU
		{DEF7470A-3D27-4D71-9E48-A96C9129FA42}.Debug|x64.ActiveCfg = Debug|Any CPU
		{DEF7470A-3D27-4D71-9E48-A96C9129FA42}.Debug|x64.Build.0 = Debug|Any CPU
		{DEF7470A-3D27-4D71-9E48-A96C9129FA42}.Release|Any CPU.ActiveCfg = Release|Any CPU
		{DEF7470A-3D27-4D71-9E48-A96C9129FA42}.Release|Any CPU.Build.0 = Release|Any CPU
		{DEF7470A-3D27-4D71-9E48-A96C9129FA42}.Release|x64.ActiveCfg = Release|Any CPU
		{DEF7470A-3D27-4D71-9E48-A96C9129FA42}.Release|x64.Build.0 = Release|Any CPU
	EndGlobalSection
	GlobalSection(SolutionProperties) = preSolution
		HideSolutionNode = FALSE
	EndGlobalSection
	GlobalSection(NestedProjects) = preSolution
		{D8CD7E8D-7ECA-46A7-AA39-E471F99C94F0} = {AC26C5B9-CA58-434C-B607-DC94BFE2A665}
		{4F2A52A9-9DAE-4250-A881-F0A013A589F4} = {AC26C5B9-CA58-434C-B607-DC94BFE2A665}
		{2B3D1059-93F6-42F8-9709-AE06BEDE1EEF} = {60F1722D-12B9-4671-B9E3-EDE5C41F1086}
		{AC26C5B9-CA58-434C-B607-DC94BFE2A665} = {BD2258EF-0E47-4DAA-94DF-D08CA1B09A93}
		{60F1722D-12B9-4671-B9E3-EDE5C41F1086} = {BD2258EF-0E47-4DAA-94DF-D08CA1B09A93}
		{66A69341-3B00-4812-AA77-EC5C2E9EA23A} = {AC26C5B9-CA58-434C-B607-DC94BFE2A665}
		{DEF7470A-3D27-4D71-9E48-A96C9129FA42} = {34513197-4269-4943-9F6D-CE4D89CB4DD2}
	EndGlobalSection
	GlobalSection(ExtensibilityGlobals) = postSolution
		SolutionGuid = {9EC3D98D-2164-4E07-A5D2-334E9C93C570}
	EndGlobalSection
EndGlobal
